
Microsoft Visual Studio Solution File, Format Version 12.00
# Visual Studio Version 17
VisualStudioVersion = 17.7.34031.279
MinimumVisualStudioVersion = 10.0.40219.1
Project("{FAE04EC0-301F-11D3-BF4B-00C04F79EFBC}") = "Phase1Section3.12", "Phase1Section3.12\Phase1Section3.12.csproj", "{7895C699-D56B-4601-AA73-BD68A96E895C}"
EndProject
Global
	GlobalSection(SolutionConfigurationPlatforms) = preSolution
		Debug|Any CPU = Debug|Any CPU
		Release|Any CPU = Release|Any CPU
	EndGlobalSection
	GlobalSection(ProjectConfigurationPlatforms) = postSolution
		{7895C699-D56B-4601-AA73-BD68A96E895C}.Debug|Any CPU.ActiveCfg = Debug|Any CPU
		{7895C699-D56B-4601-AA73-BD68A96E895C}.Debug|Any CPU.Build.0 = Debug|Any CPU
		{7895C699-D56B-4601-AA73-BD68A96E895C}.Release|Any CPU.ActiveCfg = Release|Any CPU
		{7895C699-D56B-4601-AA73-BD68A96E895C}.Release|Any CPU.Build.0 = Release|Any CPU
	EndGlobalSection
	GlobalSection(SolutionProperties) = preSolution
		HideSolutionNode = FALSE
	EndGlobalSection
	GlobalSection(ExtensibilityGlobals) = postSolution
		SolutionGuid = {B52EC46A-CDC5-4C75-87EB-37A8EC50DC8B}
	EndGlobalSection
EndGlobal
